// !$*UTF8*$!
{
	archiveVersion = 1;
	classes = {
	};
	objectVersion = 46;
	objects = {

/* Begin PBXBuildFile section */
		B127DCA91CA1FB7F00AE90B4 /* TextEditDelegate.swift in Sources */ = {isa = PBXBuildFile; fileRef = B127DCA81CA1FB7F00AE90B4 /* TextEditDelegate.swift */; };
		B127DCAB1CA3036200AE90B4 /* Meme.swift in Sources */ = {isa = PBXBuildFile; fileRef = B127DCAA1CA3036200AE90B4 /* Meme.swift */; };
		B127DCAF1CA45BD500AE90B4 /* impact.ttf in Resources */ = {isa = PBXBuildFile; fileRef = B127DCAE1CA3451400AE90B4 /* impact.ttf */; };
		B15813821CA60EF60046406A /* TableMemesViewController.swift in Sources */ = {isa = PBXBuildFile; fileRef = B15813811CA60EF60046406A /* TableMemesViewController.swift */; };
		B15813871CA743DE0046406A /* TableMemesTableViewCell.swift in Sources */ = {isa = PBXBuildFile; fileRef = B15813861CA743DE0046406A /* TableMemesTableViewCell.swift */; };
		B1822C061C9F3D1F0054CFE5 /* AppDelegate.swift in Sources */ = {isa = PBXBuildFile; fileRef = B1822C051C9F3D1F0054CFE5 /* AppDelegate.swift */; };
		B1822C081C9F3D1F0054CFE5 /* EditMemeViewController.swift in Sources */ = {isa = PBXBuildFile; fileRef = B1822C071C9F3D1F0054CFE5 /* EditMemeViewController.swift */; };
		B1822C0B1C9F3D1F0054CFE5 /* Main.storyboard in Resources */ = {isa = PBXBuildFile; fileRef = B1822C091C9F3D1F0054CFE5 /* Main.storyboard */; };
		B1822C0D1C9F3D1F0054CFE5 /* Assets.xcassets in Resources */ = {isa = PBXBuildFile; fileRef = B1822C0C1C9F3D1F0054CFE5 /* Assets.xcassets */; };
		B1822C101C9F3D1F0054CFE5 /* LaunchScreen.storyboard in Resources */ = {isa = PBXBuildFile; fileRef = B1822C0E1C9F3D1F0054CFE5 /* LaunchScreen.storyboard */; };
		B1BD0CD61CA8263300E44101 /* CollectionMemeViewController.swift in Sources */ = {isa = PBXBuildFile; fileRef = B1BD0CD51CA8263300E44101 /* CollectionMemeViewController.swift */; };
		B1BD0CD81CA8266100E44101 /* CollectionMemeCollectionViewCell.swift in Sources */ = {isa = PBXBuildFile; fileRef = B1BD0CD71CA8266100E44101 /* CollectionMemeCollectionViewCell.swift */; };
/* End PBXBuildFile section */

/* Begin PBXFileReference section */
		B127DCA81CA1FB7F00AE90B4 /* TextEditDelegate.swift */ = {isa = PBXFileReference; fileEncoding = 4; lastKnownFileType = sourcecode.swift; path = TextEditDelegate.swift; sourceTree = "<group>"; };
		B127DCAA1CA3036200AE90B4 /* Meme.swift */ = {isa = PBXFileReference; fileEncoding = 4; lastKnownFileType = sourcecode.swift; path = Meme.swift; sourceTree = "<group>"; };
		B127DCAE1CA3451400AE90B4 /* impact.ttf */ = {isa = PBXFileReference; lastKnownFileType = file; path = impact.ttf; sourceTree = "<group>"; };
		B15813811CA60EF60046406A /* TableMemesViewController.swift */ = {isa = PBXFileReference; fileEncoding = 4; lastKnownFileType = sourcecode.swift; path = TableMemesViewController.swift; sourceTree = "<group>"; };
		B15813861CA743DE0046406A /* TableMemesTableViewCell.swift */ = {isa = PBXFileReference; fileEncoding = 4; lastKnownFileType = sourcecode.swift; path = TableMemesTableViewCell.swift; sourceTree = "<group>"; };
		B1822C021C9F3D1F0054CFE5 /* MemeApp.app */ = {isa = PBXFileReference; explicitFileType = wrapper.application; includeInIndex = 0; path = MemeApp.app; sourceTree = BUILT_PRODUCTS_DIR; };
		B1822C051C9F3D1F0054CFE5 /* AppDelegate.swift */ = {isa = PBXFileReference; lastKnownFileType = sourcecode.swift; path = AppDelegate.swift; sourceTree = "<group>"; };
		B1822C071C9F3D1F0054CFE5 /* EditMemeViewController.swift */ = {isa = PBXFileReference; lastKnownFileType = sourcecode.swift; path = EditMemeViewController.swift; sourceTree = "<group>"; };
		B1822C0A1C9F3D1F0054CFE5 /* Base */ = {isa = PBXFileReference; lastKnownFileType = file.storyboard; name = Base; path = Base.lproj/Main.storyboard; sourceTree = "<group>"; };
		B1822C0C1C9F3D1F0054CFE5 /* Assets.xcassets */ = {isa = PBXFileReference; lastKnownFileType = folder.assetcatalog; path = Assets.xcassets; sourceTree = "<group>"; };
		B1822C0F1C9F3D1F0054CFE5 /* Base */ = {isa = PBXFileReference; lastKnownFileType = file.storyboard; name = Base; path = Base.lproj/LaunchScreen.storyboard; sourceTree = "<group>"; };
		B1822C111C9F3D1F0054CFE5 /* Info.plist */ = {isa = PBXFileReference; lastKnownFileType = text.plist.xml; path = Info.plist; sourceTree = "<group>"; };
		B1BD0CD51CA8263300E44101 /* CollectionMemeViewController.swift */ = {isa = PBXFileReference; fileEncoding = 4; lastKnownFileType = sourcecode.swift; path = CollectionMemeViewController.swift; sourceTree = "<group>"; };
		B1BD0CD71CA8266100E44101 /* CollectionMemeCollectionViewCell.swift */ = {isa = PBXFileReference; fileEncoding = 4; lastKnownFileType = sourcecode.swift; path = CollectionMemeCollectionViewCell.swift; sourceTree = "<group>"; };
/* End PBXFileReference section */

/* Begin PBXFrameworksBuildPhase section */
		B1822BFF1C9F3D1F0054CFE5 /* Frameworks */ = {
			isa = PBXFrameworksBuildPhase;
			buildActionMask = 2147483647;
			files = (
			);
			runOnlyForDeploymentPostprocessing = 0;
		};
/* End PBXFrameworksBuildPhase section */

/* Begin PBXGroup section */
		B127DCAC1CA3435000AE90B4 /* Resources */ = {
			isa = PBXGroup;
			children = (
				B127DCAE1CA3451400AE90B4 /* impact.ttf */,
			);
			name = Resources;
			sourceTree = "<group>";
		};
		B1822BF91C9F3D1F0054CFE5 = {
			isa = PBXGroup;
			children = (
				B127DCAC1CA3435000AE90B4 /* Resources */,
				B1822C041C9F3D1F0054CFE5 /* MemeApp */,
				B1822C031C9F3D1F0054CFE5 /* Products */,
			);
			sourceTree = "<group>";
		};
		B1822C031C9F3D1F0054CFE5 /* Products */ = {
			isa = PBXGroup;
			children = (
				B1822C021C9F3D1F0054CFE5 /* MemeApp.app */,
			);
			name = Products;
			sourceTree = "<group>";
		};
		B1822C041C9F3D1F0054CFE5 /* MemeApp */ = {
			isa = PBXGroup;
			children = (
				B1BD0CDA1CA827BC00E44101 /* collection */,
				B1BD0CD91CA827B600E44101 /* table */,
				B1822C051C9F3D1F0054CFE5 /* AppDelegate.swift */,
				B1822C071C9F3D1F0054CFE5 /* EditMemeViewController.swift */,
				B1822C091C9F3D1F0054CFE5 /* Main.storyboard */,
				B1822C0C1C9F3D1F0054CFE5 /* Assets.xcassets */,
				B1822C0E1C9F3D1F0054CFE5 /* LaunchScreen.storyboard */,
				B1822C111C9F3D1F0054CFE5 /* Info.plist */,
				B127DCA81CA1FB7F00AE90B4 /* TextEditDelegate.swift */,
				B127DCAA1CA3036200AE90B4 /* Meme.swift */,
			);
			path = MemeApp;
			sourceTree = "<group>";
		};
		B1BD0CD91CA827B600E44101 /* table */ = {
			isa = PBXGroup;
			children = (
				B15813811CA60EF60046406A /* TableMemesViewController.swift */,
				B15813861CA743DE0046406A /* TableMemesTableViewCell.swift */,
			);
			name = table;
			sourceTree = "<group>";
		};
		B1BD0CDA1CA827BC00E44101 /* collection */ = {
			isa = PBXGroup;
			children = (
				B1BD0CD51CA8263300E44101 /* CollectionMemeViewController.swift */,
				B1BD0CD71CA8266100E44101 /* CollectionMemeCollectionViewCell.swift */,
			);
			name = collection;
			sourceTree = "<group>";
		};
/* End PBXGroup section */

/* Begin PBXNativeTarget section */
		B1822C011C9F3D1F0054CFE5 /* MemeApp */ = {
			isa = PBXNativeTarget;
			buildConfigurationList = B1822C141C9F3D1F0054CFE5 /* Build configuration list for PBXNativeTarget "MemeApp" */;
			buildPhases = (
				B1822BFE1C9F3D1F0054CFE5 /* Sources */,
				B1822BFF1C9F3D1F0054CFE5 /* Frameworks */,
				B1822C001C9F3D1F0054CFE5 /* Resources */,
			);
			buildRules = (
			);
			dependencies = (
			);
			name = MemeApp;
			productName = MemeApp;
			productReference = B1822C021C9F3D1F0054CFE5 /* MemeApp.app */;
			productType = "com.apple.product-type.application";
		};
/* End PBXNativeTarget section */

/* Begin PBXProject section */
		B1822BFA1C9F3D1F0054CFE5 /* Project object */ = {
			isa = PBXProject;
			attributes = {
				LastSwiftUpdateCheck = 0720;
				LastUpgradeCheck = 0720;
				ORGANIZATIONNAME = "Antonio Sejas";
				TargetAttributes = {
					B1822C011C9F3D1F0054CFE5 = {
						CreatedOnToolsVersion = 7.2.1;
					};
				};
			};
			buildConfigurationList = B1822BFD1C9F3D1F0054CFE5 /* Build configuration list for PBXProject "MemeApp" */;
			compatibilityVersion = "Xcode 3.2";
			developmentRegion = English;
			hasScannedForEncodings = 0;
			knownRegions = (
				en,
				Base,
			);
			mainGroup = B1822BF91C9F3D1F0054CFE5;
			productRefGroup = B1822C031C9F3D1F0054CFE5 /* Products */;
			projectDirPath = "";
			projectRoot = "";
			targets = (
				B1822C011C9F3D1F0054CFE5 /* MemeApp */,
			);
		};
/* End PBXProject section */

/* Begin PBXResourcesBuildPhase section */
		B1822C001C9F3D1F0054CFE5 /* Resources */ = {
			isa = PBXResourcesBuildPhase;
			buildActionMask = 2147483647;
			files = (
				B127DCAF1CA45BD500AE90B4 /* impact.ttf in Resources */,
				B1822C101C9F3D1F0054CFE5 /* LaunchScreen.storyboard in Resources */,
				B1822C0D1C9F3D1F0054CFE5 /* Assets.xcassets in Resources */,
				B1822C0B1C9F3D1F0054CFE5 /* Main.storyboard in Resources */,
			);
			runOnlyForDeploymentPostprocessing = 0;
		};
/* End PBXResourcesBuildPhase section */

/* Begin PBXSourcesBuildPhase section */
		B1822BFE1C9F3D1F0054CFE5 /* Sources */ = {
			isa = PBXSourcesBuildPhase;
			buildActionMask = 2147483647;
			files = (
				B1BD0CD81CA8266100E44101 /* CollectionMemeCollectionViewCell.swift in Sources */,
				B1822C081C9F3D1F0054CFE5 /* EditMemeViewController.swift in Sources */,
				B1BD0CD61CA8263300E44101 /* CollectionMemeViewController.swift in Sources */,
				B127DCAB1CA3036200AE90B4 /* Meme.swift in Sources */,
				B15813871CA743DE0046406A /* TableMemesTableViewCell.swift in Sources */,
				B15813821CA60EF60046406A /* TableMemesViewController.swift in Sources */,
				B1822C061C9F3D1F0054CFE5 /* AppDelegate.swift in Sources */,
				B127DCA91CA1FB7F00AE90B4 /* TextEditDelegate.swift in Sources */,
			);
			runOnlyForDeploymentPostprocessing = 0;
		};
/* End PBXSourcesBuildPhase section */

/* Begin PBXVariantGroup section */
		B1822C091C9F3D1F0054CFE5 /* Main.storyboard */ = {
			isa = PBXVariantGroup;
			children = (
				B1822C0A1C9F3D1F0054CFE5 /* Base */,
			);
			name = Main.storyboard;
			sourceTree = "<group>";
		};
		B1822C0E1C9F3D1F0054CFE5 /* LaunchScreen.storyboard */ = {
			isa = PBXVariantGroup;
			children = (
				B1822C0F1C9F3D1F0054CFE5 /* Base */,
			);
			name = LaunchScreen.storyboard;
			sourceTree = "<group>";
		};
/* End PBXVariantGroup section */

/* Begin XCBuildConfiguration section */
		B1822C121C9F3D1F0054CFE5 /* Debug */ = {
			isa = XCBuildConfiguration;
			buildSettings = {
				ALWAYS_SEARCH_USER_PATHS = NO;
				CLANG_CXX_LANGUAGE_STANDARD = "gnu++0x";
				CLANG_CXX_LIBRARY = "libc++";
				CLANG_ENABLE_MODULES = YES;
				CLANG_ENABLE_OBJC_ARC = YES;
				CLANG_WARN_BOOL_CONVERSION = YES;
				CLANG_WARN_CONSTANT_CONVERSION = YES;
				CLANG_WARN_DIRECT_OBJC_ISA_USAGE = YES_ERROR;
				CLANG_WARN_EMPTY_BODY = YES;
				CLANG_WARN_ENUM_CONVERSION = YES;
				CLANG_WARN_INT_CONVERSION = YES;
				CLANG_WARN_OBJC_ROOT_CLASS = YES_ERROR;
				CLANG_WARN_UNREACHABLE_CODE = YES;
				CLANG_WARN__DUPLICATE_METHOD_MATCH = YES;
				"CODE_SIGN_IDENTITY[sdk=iphoneos*]" = "iPhone Developer";
				COPY_PHASE_STRIP = NO;
				DEBUG_INFORMATION_FORMAT = dwarf;
				ENABLE_STRICT_OBJC_MSGSEND = YES;
				ENABLE_TESTABILITY = YES;
				GCC_C_LANGUAGE_STANDARD = gnu99;
				GCC_DYNAMIC_NO_PIC = NO;
				GCC_NO_COMMON_BLOCKS = YES;
				GCC_OPTIMIZATION_LEVEL = 0;
				GCC_PREPROCESSOR_DEFINITIONS = (
					"DEBUG=1",
					"$(inherited)",
				);
				GCC_WARN_64_TO_32_BIT_CONVERSION = YES;
				GCC_WARN_ABOUT_RETURN_TYPE = YES_ERROR;
				GCC_WARN_UNDECLARED_SELECTOR = YES;
				GCC_WARN_UNINITIALIZED_AUTOS = YES_AGGRESSIVE;
				GCC_WARN_UNUSED_FUNCTION = YES;
				GCC_WARN_UNUSED_VARIABLE = YES;
				IPHONEOS_DEPLOYMENT_TARGET = 9.2;
				MTL_ENABLE_DEBUG_INFO = YES;
				ONLY_ACTIVE_ARCH = YES;
				SDKROOT = iphoneos;
				SWIFT_OPTIMIZATION_LEVEL = "-Onone";
				TARGETED_DEVICE_FAMILY = "1,2";
			};
			name = Debug;
		};
		B1822C131C9F3D1F0054CFE5 /* Release */ = {
			isa = XCBuildConfiguration;
			buildSettings = {
				ALWAYS_SEARCH_USER_PATHS = NO;
				CLANG_CXX_LANGUAGE_STANDARD = "gnu++0x";
				CLANG_CXX_LIBRARY = "libc++";
				CLANG_ENABLE_MODULES = YES;
				CLANG_ENABLE_OBJC_ARC = YES;
				CLANG_WARN_BOOL_CONVERSION = YES;
				CLANG_WARN_CONSTANT_CONVERSION = YES;
				CLANG_WARN_DIRECT_OBJC_ISA_USAGE = YES_ERROR;
				CLANG_WARN_EMPTY_BODY = YES;
				CLANG_WARN_ENUM_CONVERSION = YES;
				CLANG_WARN_INT_CONVERSION = YES;
				CLANG_WARN_OBJC_ROOT_CLASS = YES_ERROR;
				CLANG_WARN_UNREACHABLE_CODE = YES;
				CLANG_WARN__DUPLICATE_METHOD_MATCH = YES;
				"CODE_SIGN_IDENTITY[sdk=iphoneos*]" = "iPhone Developer";
				COPY_PHASE_STRIP = NO;
				DEBUG_INFORMATION_FORMAT = "dwarf-with-dsym";
				ENABLE_NS_ASSERTIONS = NO;
				ENABLE_STRICT_OBJC_MSGSEND = YES;
				GCC_C_LANGUAGE_STANDARD = gnu99;
				GCC_NO_COMMON_BLOCKS = YES;
				GCC_WARN_64_TO_32_BIT_CONVERSION = YES;
				GCC_WARN_ABOUT_RETURN_TYPE = YES_ERROR;
				GCC_WARN_UNDECLARED_SELECTOR = YES;
				GCC_WARN_UNINITIALIZED_AUTOS = YES_AGGRESSIVE;
				GCC_WARN_UNUSED_FUNCTION = YES;
				GCC_WARN_UNUSED_VARIABLE = YES;
				IPHONEOS_DEPLOYMENT_TARGET = 9.2;
				MTL_ENABLE_DEBUG_INFO = NO;
				SDKROOT = iphoneos;
				TARGETED_DEVICE_FAMILY = "1,2";
				VALIDATE_PRODUCT = YES;
			};
			name = Release;
		};
		B1822C151C9F3D1F0054CFE5 /* Debug */ = {
			isa = XCBuildConfiguration;
			buildSettings = {
				ASSETCATALOG_COMPILER_APPICON_NAME = AppIcon;
				FRAMEWORK_SEARCH_PATHS = (
					"$(inherited)",
					"$(PROJECT_DIR)",
				);
				INFOPLIST_FILE = MemeApp/Info.plist;
				LD_RUNPATH_SEARCH_PATHS = "$(inherited) @executable_path/Frameworks";
				PRODUCT_BUNDLE_IDENTIFIER = com.baulen.MemeApp2;
				PRODUCT_NAME = "$(TARGET_NAME)";
			};
			name = Debug;
		};
		B1822C161C9F3D1F0054CFE5 /* Release */ = {
			isa = XCBuildConfiguration;
			buildSettings = {
				ASSETCATALOG_COMPILER_APPICON_NAME = AppIcon;
				FRAMEWORK_SEARCH_PATHS = (
					"$(inherited)",
					"$(PROJECT_DIR)",
				);
				INFOPLIST_FILE = MemeApp/Info.plist;
				LD_RUNPATH_SEARCH_PATHS = "$(inherited) @executable_path/Frameworks";
				PRODUCT_BUNDLE_IDENTIFIER = com.baulen.MemeApp2;
				PRODUCT_NAME = "$(TARGET_NAME)";
			};
			name = Release;
		};
/* End XCBuildConfiguration section */

/* Begin XCConfigurationList section */
		B1822BFD1C9F3D1F0054CFE5 /* Build configuration list for PBXProject "MemeApp" */ = {
			isa = XCConfigurationList;
			buildConfigurations = (
				B1822C121C9F3D1F0054CFE5 /* Debug */,
				B1822C131C9F3D1F0054CFE5 /* Release */,
			);
			defaultConfigurationIsVisible = 0;
			defaultConfigurationName = Release;
		};
		B1822C141C9F3D1F0054CFE5 /* Build configuration list for PBXNativeTarget "MemeApp" */ = {
			isa = XCConfigurationList;
			buildConfigurations = (
				B1822C151C9F3D1F0054CFE5 /* Debug */,
				B1822C161C9F3D1F0054CFE5 /* Release */,
			);
			defaultConfigurationIsVisible = 0;
			defaultConfigurationName = Release;
		};
/* End XCConfigurationList section */
	};
	rootObject = B1822BFA1C9F3D1F0054CFE5 /* Project object */;
}
